
Microsoft Visual Studio Solution File, Format Version 12.00
# Visual Studio Version 17
VisualStudioVersion = 17.0.31903.59
MinimumVisualStudioVersion = 10.0.40219.1
Project("{FAE04EC0-301F-11D3-BF4B-00C04F79EFBC}") = "NamIT.Business.Api", "Backend\NamIT.Business.Api\NamIT.Business.Api.csproj", "{A949F0A7-7C1A-4892-A994-097E6B7E64DD}"
EndProject
Project("{FAE04EC0-301F-11D3-BF4B-00C04F79EFBC}") = "NamIT.Business.Application", "Backend\NamIT.Business.Application\NamIT.Business.Application.csproj", "{6A67A809-3377-4CBD-9772-07D44D2334B0}"
EndProject
Project("{FAE04EC0-301F-11D3-BF4B-00C04F79EFBC}") = "NamIT.Business.Domain", "Backend\NamIT.Business.Domain\NamIT.Business.Domain.csproj", "{35706943-D372-4977-A52F-153E17B417B2}"
EndProject
Project("{FAE04EC0-301F-11D3-BF4B-00C04F79EFBC}") = "NamIT.Business.Infrastructure", "Backend\NamIT.Business.Infrastructure\NamIT.Business.Infrastructure.csproj", "{5D9B6669-D02B-455C-9631-5D0A877B93D0}"
EndProject
Project("{FAE04EC0-301F-11D3-BF4B-00C04F79EFBC}") = "NamIT.Business.Tests", "Backend\NamIT.Business.Tests\NamIT.Business.Tests.csproj", "{99FF9290-108A-4525-94C5-111DEE21D3CA}"
EndProject
Project("{2150E333-8FDC-42A3-9474-1A3956D46DE8}") = "Documentation", "Documentation", "{CCD6E677-4569-457B-8436-2ADB32149805}"
EndProject
Global
	GlobalSection(SolutionConfigurationPlatforms) = preSolution
		Debug|Any CPU = Debug|Any CPU
		Release|Any CPU = Release|Any CPU
	EndGlobalSection
	GlobalSection(ProjectConfigurationPlatforms) = postSolution
		{A949F0A7-7C1A-4892-A994-097E6B7E64DD}.Debug|Any CPU.ActiveCfg = Debug|Any CPU
		{A949F0A7-7C1A-4892-A994-097E6B7E64DD}.Debug|Any CPU.Build.0 = Debug|Any CPU
		{A949F0A7-7C1A-4892-A994-097E6B7E64DD}.Release|Any CPU.ActiveCfg = Release|Any CPU
		{A949F0A7-7C1A-4892-A994-097E6B7E64DD}.Release|Any CPU.Build.0 = Release|Any CPU
		{6A67A809-3377-4CBD-9772-07D44D2334B0}.Debug|Any CPU.ActiveCfg = Debug|Any CPU
		{6A67A809-3377-4CBD-9772-07D44D2334B0}.Debug|Any CPU.Build.0 = Debug|Any CPU
		{6A67A809-3377-4CBD-9772-07D44D2334B0}.Release|Any CPU.ActiveCfg = Release|Any CPU
		{6A67A809-3377-4CBD-9772-07D44D2334B0}.Release|Any CPU.Build.0 = Release|Any CPU
		{35706943-D372-4977-A52F-153E17B417B2}.Debug|Any CPU.ActiveCfg = Debug|Any CPU
		{35706943-D372-4977-A52F-153E17B417B2}.Debug|Any CPU.Build.0 = Debug|Any CPU
		{35706943-D372-4977-A52F-153E17B417B2}.Release|Any CPU.ActiveCfg = Release|Any CPU
		{35706943-D372-4977-A52F-153E17B417B2}.Release|Any CPU.Build.0 = Release|Any CPU
		{5D9B6669-D02B-455C-9631-5D0A877B93D0}.Debug|Any CPU.ActiveCfg = Debug|Any CPU
		{5D9B6669-D02B-455C-9631-5D0A877B93D0}.Debug|Any CPU.Build.0 = Debug|Any CPU
		{5D9B6669-D02B-455C-9631-5D0A877B93D0}.Release|Any CPU.ActiveCfg = Release|Any CPU
		{5D9B6669-D02B-455C-9631-5D0A877B93D0}.Release|Any CPU.Build.0 = Release|Any CPU
		{99FF9290-108A-4525-94C5-111DEE21D3CA}.Debug|Any CPU.ActiveCfg = Debug|Any CPU
		{99FF9290-108A-4525-94C5-111DEE21D3CA}.Debug|Any CPU.Build.0 = Debug|Any CPU
		{99FF9290-108A-4525-94C5-111DEE21D3CA}.Release|Any CPU.ActiveCfg = Release|Any CPU
		{99FF9290-108A-4525-94C5-111DEE21D3CA}.Release|Any CPU.Build.0 = Release|Any CPU
	EndGlobalSection
	GlobalSection(SolutionProperties) = preSolution
		HideSolutionNode = FALSE
	EndGlobalSection
EndGlobal
